
Microsoft Visual Studio Solution File, Format Version 12.00
# Visual Studio Version 17
VisualStudioVersion = 17.0.31903.59
MinimumVisualStudioVersion = 10.0.40219.1
Project("{FAE04EC0-301F-11D3-BF4B-00C04F79EFBC}") = "StageMatch.Core", "StageMatch.Core\StageMatch.Core.csproj", "{3DBDDA9C-A9BF-43A4-8A9E-72D5D73DE239}"
EndProject
Project("{FAE04EC0-301F-11D3-BF4B-00C04F79EFBC}") = "StageMatch.Data", "StageMatch.Data\StageMatch.Data.csproj", "{33DB145A-B2C8-4BD5-BCFA-B801DBDA7CA1}"
EndProject
Project("{FAE04EC0-301F-11D3-BF4B-00C04F79EFBC}") = "StageMatch.Api", "StageMatch.Api\StageMatch.Api.csproj", "{56630A4A-66C2-478F-949A-ACEB0F6B9006}"
EndProject
Project("{FAE04EC0-301F-11D3-BF4B-00C04F79EFBC}") = "StageMatch.Business", "StageMatch.Business\StageMatch.Business.csproj", "{D942ED2B-33CF-48AA-A7C6-49C6C3E08FC1}"
EndProject
Global
	GlobalSection(SolutionConfigurationPlatforms) = preSolution
		Debug|Any CPU = Debug|Any CPU
		Debug|x64 = Debug|x64
		Debug|x86 = Debug|x86
		Release|Any CPU = Release|Any CPU
		Release|x64 = Release|x64
		Release|x86 = Release|x86
	EndGlobalSection
	GlobalSection(ProjectConfigurationPlatforms) = postSolution
		{3DBDDA9C-A9BF-43A4-8A9E-72D5D73DE239}.Debug|Any CPU.ActiveCfg = Debug|Any CPU
		{3DBDDA9C-A9BF-43A4-8A9E-72D5D73DE239}.Debug|Any CPU.Build.0 = Debug|Any CPU
		{3DBDDA9C-A9BF-43A4-8A9E-72D5D73DE239}.Debug|x64.ActiveCfg = Debug|Any CPU
		{3DBDDA9C-A9BF-43A4-8A9E-72D5D73DE239}.Debug|x64.Build.0 = Debug|Any CPU
		{3DBDDA9C-A9BF-43A4-8A9E-72D5D73DE239}.Debug|x86.ActiveCfg = Debug|Any CPU
		{3DBDDA9C-A9BF-43A4-8A9E-72D5D73DE239}.Debug|x86.Build.0 = Debug|Any CPU
		{3DBDDA9C-A9BF-43A4-8A9E-72D5D73DE239}.Release|Any CPU.ActiveCfg = Release|Any CPU
		{3DBDDA9C-A9BF-43A4-8A9E-72D5D73DE239}.Release|Any CPU.Build.0 = Release|Any CPU
		{3DBDDA9C-A9BF-43A4-8A9E-72D5D73DE239}.Release|x64.ActiveCfg = Release|Any CPU
		{3DBDDA9C-A9BF-43A4-8A9E-72D5D73DE239}.Release|x64.Build.0 = Release|Any CPU
		{3DBDDA9C-A9BF-43A4-8A9E-72D5D73DE239}.Release|x86.ActiveCfg = Release|Any CPU
		{3DBDDA9C-A9BF-43A4-8A9E-72D5D73DE239}.Release|x86.Build.0 = Release|Any CPU
		{33DB145A-B2C8-4BD5-BCFA-B801DBDA7CA1}.Debug|Any CPU.ActiveCfg = Debug|Any CPU
		{33DB145A-B2C8-4BD5-BCFA-B801DBDA7CA1}.Debug|Any CPU.Build.0 = Debug|Any CPU
		{33DB145A-B2C8-4BD5-BCFA-B801DBDA7CA1}.Debug|x64.ActiveCfg = Debug|Any CPU
		{33DB145A-B2C8-4BD5-BCFA-B801DBDA7CA1}.Debug|x64.Build.0 = Debug|Any CPU
		{33DB145A-B2C8-4BD5-BCFA-B801DBDA7CA1}.Debug|x86.ActiveCfg = Debug|Any CPU
		{33DB145A-B2C8-4BD5-BCFA-B801DBDA7CA1}.Debug|x86.Build.0 = Debug|Any CPU
		{33DB145A-B2C8-4BD5-BCFA-B801DBDA7CA1}.Release|Any CPU.ActiveCfg = Release|Any CPU
		{33DB145A-B2C8-4BD5-BCFA-B801DBDA7CA1}.Release|Any CPU.Build.0 = Release|Any CPU
		{33DB145A-B2C8-4BD5-BCFA-B801DBDA7CA1}.Release|x64.ActiveCfg = Release|Any CPU
		{33DB145A-B2C8-4BD5-BCFA-B801DBDA7CA1}.Release|x64.Build.0 = Release|Any CPU
		{33DB145A-B2C8-4BD5-BCFA-B801DBDA7CA1}.Release|x86.ActiveCfg = Release|Any CPU
		{33DB145A-B2C8-4BD5-BCFA-B801DBDA7CA1}.Release|x86.Build.0 = Release|Any CPU
		{56630A4A-66C2-478F-949A-ACEB0F6B9006}.Debug|Any CPU.ActiveCfg = Debug|Any CPU
		{56630A4A-66C2-478F-949A-ACEB0F6B9006}.Debug|Any CPU.Build.0 = Debug|Any CPU
		{56630A4A-66C2-478F-949A-ACEB0F6B9006}.Debug|x64.ActiveCfg = Debug|Any CPU
		{56630A4A-66C2-478F-949A-ACEB0F6B9006}.Debug|x64.Build.0 = Debug|Any CPU
		{56630A4A-66C2-478F-949A-ACEB0F6B9006}.Debug|x86.ActiveCfg = Debug|Any CPU
		{56630A4A-66C2-478F-949A-ACEB0F6B9006}.Debug|x86.Build.0 = Debug|Any CPU
		{56630A4A-66C2-478F-949A-ACEB0F6B9006}.Release|Any CPU.ActiveCfg = Release|Any CPU
		{56630A4A-66C2-478F-949A-ACEB0F6B9006}.Release|Any CPU.Build.0 = Release|Any CPU
		{56630A4A-66C2-478F-949A-ACEB0F6B9006}.Release|x64.ActiveCfg = Release|Any CPU
		{56630A4A-66C2-478F-949A-ACEB0F6B9006}.Release|x64.Build.0 = Release|Any CPU
		{56630A4A-66C2-478F-949A-ACEB0F6B9006}.Release|x86.ActiveCfg = Release|Any CPU
		{56630A4A-66C2-478F-949A-ACEB0F6B9006}.Release|x86.Build.0 = Release|Any CPU
		{D942ED2B-33CF-48AA-A7C6-49C6C3E08FC1}.Debug|Any CPU.ActiveCfg = Debug|Any CPU
		{D942ED2B-33CF-48AA-A7C6-49C6C3E08FC1}.Debug|Any CPU.Build.0 = Debug|Any CPU
		{D942ED2B-33CF-48AA-A7C6-49C6C3E08FC1}.Debug|x64.ActiveCfg = Debug|Any CPU
		{D942ED2B-33CF-48AA-A7C6-49C6C3E08FC1}.Debug|x64.Build.0 = Debug|Any CPU
		{D942ED2B-33CF-48AA-A7C6-49C6C3E08FC1}.Debug|x86.ActiveCfg = Debug|Any CPU
		{D942ED2B-33CF-48AA-A7C6-49C6C3E08FC1}.Debug|x86.Build.0 = Debug|Any CPU
		{D942ED2B-33CF-48AA-A7C6-49C6C3E08FC1}.Release|Any CPU.ActiveCfg = Release|Any CPU
		{D942ED2B-33CF-48AA-A7C6-49C6C3E08FC1}.Release|Any CPU.Build.0 = Release|Any CPU
		{D942ED2B-33CF-48AA-A7C6-49C6C3E08FC1}.Release|x64.ActiveCfg = Release|Any CPU
		{D942ED2B-33CF-48AA-A7C6-49C6C3E08FC1}.Release|x64.Build.0 = Release|Any CPU
		{D942ED2B-33CF-48AA-A7C6-49C6C3E08FC1}.Release|x86.ActiveCfg = Release|Any CPU
		{D942ED2B-33CF-48AA-A7C6-49C6C3E08FC1}.Release|x86.Build.0 = Release|Any CPU
	EndGlobalSection
	GlobalSection(SolutionProperties) = preSolution
		HideSolutionNode = FALSE
	EndGlobalSection
EndGlobal
